// !$*UTF8*$!
{
	archiveVersion = 1;
	classes = {
	};
	objectVersion = 50;
	objects = {

/* Begin PBXBuildFile section */
		879C1E9F2505A98500C0FC15 /* AppDelegate.swift in Sources */ = {isa = PBXBuildFile; fileRef = 879C1E9E2505A98500C0FC15 /* AppDelegate.swift */; };
		879C1EA12505A98500C0FC15 /* SceneDelegate.swift in Sources */ = {isa = PBXBuildFile; fileRef = 879C1EA02505A98500C0FC15 /* SceneDelegate.swift */; };
		879C1EA32505A98500C0FC15 /* ContentView.swift in Sources */ = {isa = PBXBuildFile; fileRef = 879C1EA22505A98500C0FC15 /* ContentView.swift */; };
		879C1EA52505A98800C0FC15 /* Assets.xcassets in Resources */ = {isa = PBXBuildFile; fileRef = 879C1EA42505A98800C0FC15 /* Assets.xcassets */; };
		879C1EA82505A98800C0FC15 /* Preview Assets.xcassets in Resources */ = {isa = PBXBuildFile; fileRef = 879C1EA72505A98800C0FC15 /* Preview Assets.xcassets */; };
		879C1EAB2505A98800C0FC15 /* LaunchScreen.storyboard in Resources */ = {isa = PBXBuildFile; fileRef = 879C1EA92505A98800C0FC15 /* LaunchScreen.storyboard */; };
		879C1EB62505A98800C0FC15 /* MemorizeTests.swift in Sources */ = {isa = PBXBuildFile; fileRef = 879C1EB52505A98800C0FC15 /* MemorizeTests.swift */; };
		879C1EC12505A98900C0FC15 /* MemorizeUITests.swift in Sources */ = {isa = PBXBuildFile; fileRef = 879C1EC02505A98900C0FC15 /* MemorizeUITests.swift */; };
/* End PBXBuildFile section */

/* Begin PBXContainerItemProxy section */
		879C1EB22505A98800C0FC15 /* PBXContainerItemProxy */ = {
			isa = PBXContainerItemProxy;
			containerPortal = 879C1E932505A98500C0FC15 /* Project object */;
			proxyType = 1;
			remoteGlobalIDString = 879C1E9A2505A98500C0FC15;
			remoteInfo = Memorize;
		};
		879C1EBD2505A98900C0FC15 /* PBXContainerItemProxy */ = {
			isa = PBXContainerItemProxy;
			containerPortal = 879C1E932505A98500C0FC15 /* Project object */;
			proxyType = 1;
			remoteGlobalIDString = 879C1E9A2505A98500C0FC15;
			remoteInfo = Memorize;
		};
/* End PBXContainerItemProxy section */

/* Begin PBXFileReference section */
		879C1E9B2505A98500C0FC15 /* Memorize.app */ = {isa = PBXFileReference; explicitFileType = wrapper.application; includeInIndex = 0; path = Memorize.app; sourceTree = BUILT_PRODUCTS_DIR; };
		879C1E9E2505A98500C0FC15 /* AppDelegate.swift */ = {isa = PBXFileReference; lastKnownFileType = sourcecode.swift; path = AppDelegate.swift; sourceTree = "<group>"; };
		879C1EA02505A98500C0FC15 /* SceneDelegate.swift */ = {isa = PBXFileReference; lastKnownFileType = sourcecode.swift; path = SceneDelegate.swift; sourceTree = "<group>"; };
		879C1EA22505A98500C0FC15 /* ContentView.swift */ = {isa = PBXFileReference; lastKnownFileType = sourcecode.swift; path = ContentView.swift; sourceTree = "<group>"; };
		879C1EA42505A98800C0FC15 /* Assets.xcassets */ = {isa = PBXFileReference; lastKnownFileType = folder.assetcatalog; path = Assets.xcassets; sourceTree = "<group>"; };
		879C1EA72505A98800C0FC15 /* Preview Assets.xcassets */ = {isa = PBXFileReference; lastKnownFileType = folder.assetcatalog; path = "Preview Assets.xcassets"; sourceTree = "<group>"; };
		879C1EAA2505A98800C0FC15 /* Base */ = {isa = PBXFileReference; lastKnownFileType = file.storyboard; name = Base; path = Base.lproj/LaunchScreen.storyboard; sourceTree = "<group>"; };
		879C1EAC2505A98800C0FC15 /* Info.plist */ = {isa = PBXFileReference; lastKnownFileType = text.plist.xml; path = Info.plist; sourceTree = "<group>"; };
		879C1EB12505A98800C0FC15 /* MemorizeTests.xctest */ = {isa = PBXFileReference; explicitFileType = wrapper.cfbundle; includeInIndex = 0; path = MemorizeTests.xctest; sourceTree = BUILT_PRODUCTS_DIR; };
		879C1EB52505A98800C0FC15 /* MemorizeTests.swift */ = {isa = PBXFileReference; lastKnownFileType = sourcecode.swift; path = MemorizeTests.swift; sourceTree = "<group>"; };
		879C1EB72505A98800C0FC15 /* Info.plist */ = {isa = PBXFileReference; lastKnownFileType = text.plist.xml; path = Info.plist; sourceTree = "<group>"; };
		879C1EBC2505A98900C0FC15 /* MemorizeUITests.xctest */ = {isa = PBXFileReference; explicitFileType = wrapper.cfbundle; includeInIndex = 0; path = MemorizeUITests.xctest; sourceTree = BUILT_PRODUCTS_DIR; };
		879C1EC02505A98900C0FC15 /* MemorizeUITests.swift */ = {isa = PBXFileReference; lastKnownFileType = sourcecode.swift; path = MemorizeUITests.swift; sourceTree = "<group>"; };
		879C1EC22505A98900C0FC15 /* Info.plist */ = {isa = PBXFileReference; lastKnownFileType = text.plist.xml; path = Info.plist; sourceTree = "<group>"; };
/* End PBXFileReference section */

/* Begin PBXFrameworksBuildPhase section */
		879C1E982505A98500C0FC15 /* Frameworks */ = {
			isa = PBXFrameworksBuildPhase;
			buildActionMask = 2147483647;
			files = (
			);
			runOnlyForDeploymentPostprocessing = 0;
		};
		879C1EAE2505A98800C0FC15 /* Frameworks */ = {
			isa = PBXFrameworksBuildPhase;
			buildActionMask = 2147483647;
			files = (
			);
			runOnlyForDeploymentPostprocessing = 0;
		};
		879C1EB92505A98800C0FC15 /* Frameworks */ = {
			isa = PBXFrameworksBuildPhase;
			buildActionMask = 2147483647;
			files = (
			);
			runOnlyForDeploymentPostprocessing = 0;
		};
/* End PBXFrameworksBuildPhase section */

/* Begin PBXGroup section */
		879C1E922505A98500C0FC15 = {
			isa = PBXGroup;
			children = (
				879C1E9D2505A98500C0FC15 /* Memorize */,
				879C1EB42505A98800C0FC15 /* MemorizeTests */,
				879C1EBF2505A98900C0FC15 /* MemorizeUITests */,
				879C1E9C2505A98500C0FC15 /* Products */,
			);
			sourceTree = "<group>";
		};
		879C1E9C2505A98500C0FC15 /* Products */ = {
			isa = PBXGroup;
			children = (
				879C1E9B2505A98500C0FC15 /* Memorize.app */,
				879C1EB12505A98800C0FC15 /* MemorizeTests.xctest */,
				879C1EBC2505A98900C0FC15 /* MemorizeUITests.xctest */,
			);
			name = Products;
			sourceTree = "<group>";
		};
		879C1E9D2505A98500C0FC15 /* Memorize */ = {
			isa = PBXGroup;
			children = (
				879C1E9E2505A98500C0FC15 /* AppDelegate.swift */,
				879C1EA02505A98500C0FC15 /* SceneDelegate.swift */,
				879C1EA22505A98500C0FC15 /* ContentView.swift */,
				879C1EA42505A98800C0FC15 /* Assets.xcassets */,
				879C1EA92505A98800C0FC15 /* LaunchScreen.storyboard */,
				879C1EAC2505A98800C0FC15 /* Info.plist */,
				879C1EA62505A98800C0FC15 /* Preview Content */,
			);
			path = Memorize;
			sourceTree = "<group>";
		};
		879C1EA62505A98800C0FC15 /* Preview Content */ = {
			isa = PBXGroup;
			children = (
				879C1EA72505A98800C0FC15 /* Preview Assets.xcassets */,
			);
			path = "Preview Content";
			sourceTree = "<group>";
		};
		879C1EB42505A98800C0FC15 /* MemorizeTests */ = {
			isa = PBXGroup;
			children = (
				879C1EB52505A98800C0FC15 /* MemorizeTests.swift */,
				879C1EB72505A98800C0FC15 /* Info.plist */,
			);
			path = MemorizeTests;
			sourceTree = "<group>";
		};
		879C1EBF2505A98900C0FC15 /* MemorizeUITests */ = {
			isa = PBXGroup;
			children = (
				879C1EC02505A98900C0FC15 /* MemorizeUITests.swift */,
				879C1EC22505A98900C0FC15 /* Info.plist */,
			);
			path = MemorizeUITests;
			sourceTree = "<group>";
		};
/* End PBXGroup section */

/* Begin PBXNativeTarget section */
		879C1E9A2505A98500C0FC15 /* Memorize */ = {
			isa = PBXNativeTarget;
			buildConfigurationList = 879C1EC52505A98900C0FC15 /* Build configuration list for PBXNativeTarget "Memorize" */;
			buildPhases = (
				879C1E972505A98500C0FC15 /* Sources */,
				879C1E982505A98500C0FC15 /* Frameworks */,
				879C1E992505A98500C0FC15 /* Resources */,
			);
			buildRules = (
			);
			dependencies = (
			);
			name = Memorize;
			productName = Memorize;
			productReference = 879C1E9B2505A98500C0FC15 /* Memorize.app */;
			productType = "com.apple.product-type.application";
		};
		879C1EB02505A98800C0FC15 /* MemorizeTests */ = {
			isa = PBXNativeTarget;
			buildConfigurationList = 879C1EC82505A98900C0FC15 /* Build configuration list for PBXNativeTarget "MemorizeTests" */;
			buildPhases = (
				879C1EAD2505A98800C0FC15 /* Sources */,
				879C1EAE2505A98800C0FC15 /* Frameworks */,
				879C1EAF2505A98800C0FC15 /* Resources */,
			);
			buildRules = (
			);
			dependencies = (
				879C1EB32505A98800C0FC15 /* PBXTargetDependency */,
			);
			name = MemorizeTests;
			productName = MemorizeTests;
			productReference = 879C1EB12505A98800C0FC15 /* MemorizeTests.xctest */;
			productType = "com.apple.product-type.bundle.unit-test";
		};
		879C1EBB2505A98800C0FC15 /* MemorizeUITests */ = {
			isa = PBXNativeTarget;
			buildConfigurationList = 879C1ECB2505A98900C0FC15 /* Build configuration list for PBXNativeTarget "MemorizeUITests" */;
			buildPhases = (
				879C1EB82505A98800C0FC15 /* Sources */,
				879C1EB92505A98800C0FC15 /* Frameworks */,
				879C1EBA2505A98800C0FC15 /* Resources */,
			);
			buildRules = (
			);
			dependencies = (
				879C1EBE2505A98900C0FC15 /* PBXTargetDependency */,
			);
			name = MemorizeUITests;
			productName = MemorizeUITests;
			productReference = 879C1EBC2505A98900C0FC15 /* MemorizeUITests.xctest */;
			productType = "com.apple.product-type.bundle.ui-testing";
		};
/* End PBXNativeTarget section */

/* Begin PBXProject section */
		879C1E932505A98500C0FC15 /* Project object */ = {
			isa = PBXProject;
			attributes = {
				LastSwiftUpdateCheck = 1130;
				LastUpgradeCheck = 1130;
				ORGANIZATIONNAME = "danielle kefford";
				TargetAttributes = {
					879C1E9A2505A98500C0FC15 = {
						CreatedOnToolsVersion = 11.3;
					};
					879C1EB02505A98800C0FC15 = {
						CreatedOnToolsVersion = 11.3;
						TestTargetID = 879C1E9A2505A98500C0FC15;
					};
					879C1EBB2505A98800C0FC15 = {
						CreatedOnToolsVersion = 11.3;
						TestTargetID = 879C1E9A2505A98500C0FC15;
					};
				};
			};
			buildConfigurationList = 879C1E962505A98500C0FC15 /* Build configuration list for PBXProject "Memorize" */;
			compatibilityVersion = "Xcode 9.3";
			developmentRegion = en;
			hasScannedForEncodings = 0;
			knownRegions = (
				en,
				Base,
			);
			mainGroup = 879C1E922505A98500C0FC15;
			productRefGroup = 879C1E9C2505A98500C0FC15 /* Products */;
			projectDirPath = "";
			projectRoot = "";
			targets = (
				879C1E9A2505A98500C0FC15 /* Memorize */,
				879C1EB02505A98800C0FC15 /* MemorizeTests */,
				879C1EBB2505A98800C0FC15 /* MemorizeUITests */,
			);
		};
/* End PBXProject section */

/* Begin PBXResourcesBuildPhase section */
		879C1E992505A98500C0FC15 /* Resources */ = {
			isa = PBXResourcesBuildPhase;
			buildActionMask = 2147483647;
			files = (
				879C1EAB2505A98800C0FC15 /* LaunchScreen.storyboard in Resources */,
				879C1EA82505A98800C0FC15 /* Preview Assets.xcassets in Resources */,
				879C1EA52505A98800C0FC15 /* Assets.xcassets in Resources */,
			);
			runOnlyForDeploymentPostprocessing = 0;
		};
		879C1EAF2505A98800C0FC15 /* Resources */ = {
			isa = PBXResourcesBuildPhase;
			buildActionMask = 2147483647;
			files = (
			);
			runOnlyForDeploymentPostprocessing = 0;
		};
		879C1EBA2505A98800C0FC15 /* Resources */ = {
			isa = PBXResourcesBuildPhase;
			buildActionMask = 2147483647;
			files = (
			);
			runOnlyForDeploymentPostprocessing = 0;
		};
/* End PBXResourcesBuildPhase section */

/* Begin PBXSourcesBuildPhase section */
		879C1E972505A98500C0FC15 /* Sources */ = {
			isa = PBXSourcesBuildPhase;
			buildActionMask = 2147483647;
			files = (
				879C1E9F2505A98500C0FC15 /* AppDelegate.swift in Sources */,
				879C1EA12505A98500C0FC15 /* SceneDelegate.swift in Sources */,
				879C1EA32505A98500C0FC15 /* ContentView.swift in Sources */,
			);
			runOnlyForDeploymentPostprocessing = 0;
		};
		879C1EAD2505A98800C0FC15 /* Sources */ = {
			isa = PBXSourcesBuildPhase;
			buildActionMask = 2147483647;
			files = (
				879C1EB62505A98800C0FC15 /* MemorizeTests.swift in Sources */,
			);
			runOnlyForDeploymentPostprocessing = 0;
		};
		879C1EB82505A98800C0FC15 /* Sources */ = {
			isa = PBXSourcesBuildPhase;
			buildActionMask = 2147483647;
			files = (
				879C1EC12505A98900C0FC15 /* MemorizeUITests.swift in Sources */,
			);
			runOnlyForDeploymentPostprocessing = 0;
		};
/* End PBXSourcesBuildPhase section */

/* Begin PBXTargetDependency section */
		879C1EB32505A98800C0FC15 /* PBXTargetDependency */ = {
			isa = PBXTargetDependency;
			target = 879C1E9A2505A98500C0FC15 /* Memorize */;
			targetProxy = 879C1EB22505A98800C0FC15 /* PBXContainerItemProxy */;
		};
		879C1EBE2505A98900C0FC15 /* PBXTargetDependency */ = {
			isa = PBXTargetDependency;
			target = 879C1E9A2505A98500C0FC15 /* Memorize */;
			targetProxy = 879C1EBD2505A98900C0FC15 /* PBXContainerItemProxy */;
		};
/* End PBXTargetDependency section */

/* Begin PBXVariantGroup section */
		879C1EA92505A98800C0FC15 /* LaunchScreen.storyboard */ = {
			isa = PBXVariantGroup;
			children = (
				879C1EAA2505A98800C0FC15 /* Base */,
			);
			name = LaunchScreen.storyboard;
			sourceTree = "<group>";
		};
/* End PBXVariantGroup section */

/* Begin XCBuildConfiguration section */
		879C1EC32505A98900C0FC15 /* Debug */ = {
			isa = XCBuildConfiguration;
			buildSettings = {
				ALWAYS_SEARCH_USER_PATHS = NO;
				CLANG_ANALYZER_NONNULL = YES;
				CLANG_ANALYZER_NUMBER_OBJECT_CONVERSION = YES_AGGRESSIVE;
				CLANG_CXX_LANGUAGE_STANDARD = "gnu++14";
				CLANG_CXX_LIBRARY = "libc++";
				CLANG_ENABLE_MODULES = YES;
				CLANG_ENABLE_OBJC_ARC = YES;
				CLANG_ENABLE_OBJC_WEAK = YES;
				CLANG_WARN_BLOCK_CAPTURE_AUTORELEASING = YES;
				CLANG_WARN_BOOL_CONVERSION = YES;
				CLANG_WARN_COMMA = YES;
				CLANG_WARN_CONSTANT_CONVERSION = YES;
				CLANG_WARN_DEPRECATED_OBJC_IMPLEMENTATIONS = YES;
				CLANG_WARN_DIRECT_OBJC_ISA_USAGE = YES_ERROR;
				CLANG_WARN_DOCUMENTATION_COMMENTS = YES;
				CLANG_WARN_EMPTY_BODY = YES;
				CLANG_WARN_ENUM_CONVERSION = YES;
				CLANG_WARN_INFINITE_RECURSION = YES;
				CLANG_WARN_INT_CONVERSION = YES;
				CLANG_WARN_NON_LITERAL_NULL_CONVERSION = YES;
				CLANG_WARN_OBJC_IMPLICIT_RETAIN_SELF = YES;
				CLANG_WARN_OBJC_LITERAL_CONVERSION = YES;
				CLANG_WARN_OBJC_ROOT_CLASS = YES_ERROR;
				CLANG_WARN_RANGE_LOOP_ANALYSIS = YES;
				CLANG_WARN_STRICT_PROTOTYPES = YES;
				CLANG_WARN_SUSPICIOUS_MOVE = YES;
				CLANG_WARN_UNGUARDED_AVAILABILITY = YES_AGGRESSIVE;
				CLANG_WARN_UNREACHABLE_CODE = YES;
				CLANG_WARN__DUPLICATE_METHOD_MATCH = YES;
				COPY_PHASE_STRIP = NO;
				DEBUG_INFORMATION_FORMAT = dwarf;
				ENABLE_STRICT_OBJC_MSGSEND = YES;
				ENABLE_TESTABILITY = YES;
				GCC_C_LANGUAGE_STANDARD = gnu11;
				GCC_DYNAMIC_NO_PIC = NO;
				GCC_NO_COMMON_BLOCKS = YES;
				GCC_OPTIMIZATION_LEVEL = 0;
				GCC_PREPROCESSOR_DEFINITIONS = (
					"DEBUG=1",
					"$(inherited)",
				);
				GCC_WARN_64_TO_32_BIT_CONVERSION = YES;
				GCC_WARN_ABOUT_RETURN_TYPE = YES_ERROR;
				GCC_WARN_UNDECLARED_SELECTOR = YES;
				GCC_WARN_UNINITIALIZED_AUTOS = YES_AGGRESSIVE;
				GCC_WARN_UNUSED_FUNCTION = YES;
				GCC_WARN_UNUSED_VARIABLE = YES;
				IPHONEOS_DEPLOYMENT_TARGET = 13.2;
				MTL_ENABLE_DEBUG_INFO = INCLUDE_SOURCE;
				MTL_FAST_MATH = YES;
				ONLY_ACTIVE_ARCH = YES;
				SDKROOT = iphoneos;
				SWIFT_ACTIVE_COMPILATION_CONDITIONS = DEBUG;
				SWIFT_OPTIMIZATION_LEVEL = "-Onone";
			};
			name = Debug;
		};
		879C1EC42505A98900C0FC15 /* Release */ = {
			isa = XCBuildConfiguration;
			buildSettings = {
				ALWAYS_SEARCH_USER_PATHS = NO;
				CLANG_ANALYZER_NONNULL = YES;
				CLANG_ANALYZER_NUMBER_OBJECT_CONVERSION = YES_AGGRESSIVE;
				CLANG_CXX_LANGUAGE_STANDARD = "gnu++14";
				CLANG_CXX_LIBRARY = "libc++";
				CLANG_ENABLE_MODULES = YES;
				CLANG_ENABLE_OBJC_ARC = YES;
				CLANG_ENABLE_OBJC_WEAK = YES;
				CLANG_WARN_BLOCK_CAPTURE_AUTORELEASING = YES;
				CLANG_WARN_BOOL_CONVERSION = YES;
				CLANG_WARN_COMMA = YES;
				CLANG_WARN_CONSTANT_CONVERSION = YES;
				CLANG_WARN_DEPRECATED_OBJC_IMPLEMENTATIONS = YES;
				CLANG_WARN_DIRECT_OBJC_ISA_USAGE = YES_ERROR;
				CLANG_WARN_DOCUMENTATION_COMMENTS = YES;
				CLANG_WARN_EMPTY_BODY = YES;
				CLANG_WARN_ENUM_CONVERSION = YES;
				CLANG_WARN_INFINITE_RECURSION = YES;
				CLANG_WARN_INT_CONVERSION = YES;
				CLANG_WARN_NON_LITERAL_NULL_CONVERSION = YES;
				CLANG_WARN_OBJC_IMPLICIT_RETAIN_SELF = YES;
				CLANG_WARN_OBJC_LITERAL_CONVERSION = YES;
				CLANG_WARN_OBJC_ROOT_CLASS = YES_ERROR;
				CLANG_WARN_RANGE_LOOP_ANALYSIS = YES;
				CLANG_WARN_STRICT_PROTOTYPES = YES;
				CLANG_WARN_SUSPICIOUS_MOVE = YES;
				CLANG_WARN_UNGUARDED_AVAILABILITY = YES_AGGRESSIVE;
				CLANG_WARN_UNREACHABLE_CODE = YES;
				CLANG_WARN__DUPLICATE_METHOD_MATCH = YES;
				COPY_PHASE_STRIP = NO;
				DEBUG_INFORMATION_FORMAT = "dwarf-with-dsym";
				ENABLE_NS_ASSERTIONS = NO;
				ENABLE_STRICT_OBJC_MSGSEND = YES;
				GCC_C_LANGUAGE_STANDARD = gnu11;
				GCC_NO_COMMON_BLOCKS = YES;
				GCC_WARN_64_TO_32_BIT_CONVERSION = YES;
				GCC_WARN_ABOUT_RETURN_TYPE = YES_ERROR;
				GCC_WARN_UNDECLARED_SELECTOR = YES;
				GCC_WARN_UNINITIALIZED_AUTOS = YES_AGGRESSIVE;
				GCC_WARN_UNUSED_FUNCTION = YES;
				GCC_WARN_UNUSED_VARIABLE = YES;
				IPHONEOS_DEPLOYMENT_TARGET = 13.2;
				MTL_ENABLE_DEBUG_INFO = NO;
				MTL_FAST_MATH = YES;
				SDKROOT = iphoneos;
				SWIFT_COMPILATION_MODE = wholemodule;
				SWIFT_OPTIMIZATION_LEVEL = "-O";
				VALIDATE_PRODUCT = YES;
			};
			name = Release;
		};
		879C1EC62505A98900C0FC15 /* Debug */ = {
			isa = XCBuildConfiguration;
			buildSettings = {
				ASSETCATALOG_COMPILER_APPICON_NAME = AppIcon;
				CODE_SIGN_STYLE = Automatic;
				DEVELOPMENT_ASSET_PATHS = "\"Memorize/Preview Content\"";
				DEVELOPMENT_TEAM = GARV9392W2;
				ENABLE_PREVIEWS = YES;
				INFOPLIST_FILE = Memorize/Info.plist;
				LD_RUNPATH_SEARCH_PATHS = (
					"$(inherited)",
					"@executable_path/Frameworks",
				);
				PRODUCT_BUNDLE_IDENTIFIER = com.quephird.cs193p.Memorize;
				PRODUCT_NAME = "$(TARGET_NAME)";
				SWIFT_VERSION = 5.0;
				TARGETED_DEVICE_FAMILY = "1,2";
			};
			name = Debug;
		};
		879C1EC72505A98900C0FC15 /* Release */ = {
			isa = XCBuildConfiguration;
			buildSettings = {
				ASSETCATALOG_COMPILER_APPICON_NAME = AppIcon;
				CODE_SIGN_STYLE = Automatic;
				DEVELOPMENT_ASSET_PATHS = "\"Memorize/Preview Content\"";
				DEVELOPMENT_TEAM = GARV9392W2;
				ENABLE_PREVIEWS = YES;
				INFOPLIST_FILE = Memorize/Info.plist;
				LD_RUNPATH_SEARCH_PATHS = (
					"$(inherited)",
					"@executable_path/Frameworks",
				);
				PRODUCT_BUNDLE_IDENTIFIER = com.quephird.cs193p.Memorize;
				PRODUCT_NAME = "$(TARGET_NAME)";
				SWIFT_VERSION = 5.0;
				TARGETED_DEVICE_FAMILY = "1,2";
			};
			name = Release;
		};
		879C1EC92505A98900C0FC15 /* Debug */ = {
			isa = XCBuildConfiguration;
			buildSettings = {
				ALWAYS_EMBED_SWIFT_STANDARD_LIBRARIES = YES;
				BUNDLE_LOADER = "$(TEST_HOST)";
				CODE_SIGN_STYLE = Automatic;
				DEVELOPMENT_TEAM = GARV9392W2;
				INFOPLIST_FILE = MemorizeTests/Info.plist;
				IPHONEOS_DEPLOYMENT_TARGET = 13.2;
				LD_RUNPATH_SEARCH_PATHS = (
					"$(inherited)",
					"@executable_path/Frameworks",
					"@loader_path/Frameworks",
				);
				PRODUCT_BUNDLE_IDENTIFIER = com.quephird.cs193p.MemorizeTests;
				PRODUCT_NAME = "$(TARGET_NAME)";
				SWIFT_VERSION = 5.0;
				TARGETED_DEVICE_FAMILY = "1,2";
				TEST_HOST = "$(BUILT_PRODUCTS_DIR)/Memorize.app/Memorize";
			};
			name = Debug;
		};
		879C1ECA2505A98900C0FC15 /* Release */ = {
			isa = XCBuildConfiguration;
			buildSettings = {
				ALWAYS_EMBED_SWIFT_STANDARD_LIBRARIES = YES;
				BUNDLE_LOADER = "$(TEST_HOST)";
				CODE_SIGN_STYLE = Automatic;
				DEVELOPMENT_TEAM = GARV9392W2;
				INFOPLIST_FILE = MemorizeTests/Info.plist;
				IPHONEOS_DEPLOYMENT_TARGET = 13.2;
				LD_RUNPATH_SEARCH_PATHS = (
					"$(inherited)",
					"@executable_path/Frameworks",
					"@loader_path/Frameworks",
				);
				PRODUCT_BUNDLE_IDENTIFIER = com.quephird.cs193p.MemorizeTests;
				PRODUCT_NAME = "$(TARGET_NAME)";
				SWIFT_VERSION = 5.0;
				TARGETED_DEVICE_FAMILY = "1,2";
				TEST_HOST = "$(BUILT_PRODUCTS_DIR)/Memorize.app/Memorize";
			};
			name = Release;
		};
		879C1ECC2505A98900C0FC15 /* Debug */ = {
			isa = XCBuildConfiguration;
			buildSettings = {
				ALWAYS_EMBED_SWIFT_STANDARD_LIBRARIES = YES;
				CODE_SIGN_STYLE = Automatic;
				DEVELOPMENT_TEAM = GARV9392W2;
				INFOPLIST_FILE = MemorizeUITests/Info.plist;
				LD_RUNPATH_SEARCH_PATHS = (
					"$(inherited)",
					"@executable_path/Frameworks",
					"@loader_path/Frameworks",
				);
				PRODUCT_BUNDLE_IDENTIFIER = com.quephird.cs193p.MemorizeUITests;
				PRODUCT_NAME = "$(TARGET_NAME)";
				SWIFT_VERSION = 5.0;
				TARGETED_DEVICE_FAMILY = "1,2";
				TEST_TARGET_NAME = Memorize;
			};
			name = Debug;
		};
		879C1ECD2505A98900C0FC15 /* Release */ = {
			isa = XCBuildConfiguration;
			buildSettings = {
				ALWAYS_EMBED_SWIFT_STANDARD_LIBRARIES = YES;
				CODE_SIGN_STYLE = Automatic;
				DEVELOPMENT_TEAM = GARV9392W2;
				INFOPLIST_FILE = MemorizeUITests/Info.plist;
				LD_RUNPATH_SEARCH_PATHS = (
					"$(inherited)",
					"@executable_path/Frameworks",
					"@loader_path/Frameworks",
				);
				PRODUCT_BUNDLE_IDENTIFIER = com.quephird.cs193p.MemorizeUITests;
				PRODUCT_NAME = "$(TARGET_NAME)";
				SWIFT_VERSION = 5.0;
				TARGETED_DEVICE_FAMILY = "1,2";
				TEST_TARGET_NAME = Memorize;
			};
			name = Release;
		};
/* End XCBuildConfiguration section */

/* Begin XCConfigurationList section */
		879C1E962505A98500C0FC15 /* Build configuration list for PBXProject "Memorize" */ = {
			isa = XCConfigurationList;
			buildConfigurations = (
				879C1EC32505A98900C0FC15 /* Debug */,
				879C1EC42505A98900C0FC15 /* Release */,
			);
			defaultConfigurationIsVisible = 0;
			defaultConfigurationName = Release;
		};
		879C1EC52505A98900C0FC15 /* Build configuration list for PBXNativeTarget "Memorize" */ = {
			isa = XCConfigurationList;
			buildConfigurations = (
				879C1EC62505A98900C0FC15 /* Debug */,
				879C1EC72505A98900C0FC15 /* Release */,
			);
			defaultConfigurationIsVisible = 0;
			defaultConfigurationName = Release;
		};
		879C1EC82505A98900C0FC15 /* Build configuration list for PBXNativeTarget "MemorizeTests" */ = {
			isa = XCConfigurationList;
			buildConfigurations = (
				879C1EC92505A98900C0FC15 /* Debug */,
				879C1ECA2505A98900C0FC15 /* Release */,
			);
			defaultConfigurationIsVisible = 0;
			defaultConfigurationName = Release;
		};
		879C1ECB2505A98900C0FC15 /* Build configuration list for PBXNativeTarget "MemorizeUITests" */ = {
			isa = XCConfigurationList;
			buildConfigurations = (
				879C1ECC2505A98900C0FC15 /* Debug */,
				879C1ECD2505A98900C0FC15 /* Release */,
			);
			defaultConfigurationIsVisible = 0;
			defaultConfigurationName = Release;
		};
/* End XCConfigurationList section */
	};
	rootObject = 879C1E932505A98500C0FC15 /* Project object */;
}
